
Microsoft Visual Studio Solution File, Format Version 12.00
# Visual Studio Version 16
VisualStudioVersion = 16.0.33214.272
MinimumVisualStudioVersion = 10.0.40219.1
Project("{FAE04EC0-301F-11D3-BF4B-00C04F79EFBC}") = "Xml Reader", "Xml Reader\Xml Reader.csproj", "{859DE5AD-6083-46B6-B527-D12D14164B02}"
EndProject
Global
	GlobalSection(SolutionConfigurationPlatforms) = preSolution
		Debug|Any CPU = Debug|Any CPU
		Release|Any CPU = Release|Any CPU
	EndGlobalSection
	GlobalSection(ProjectConfigurationPlatforms) = postSolution
		{859DE5AD-6083-46B6-B527-D12D14164B02}.Debug|Any CPU.ActiveCfg = Debug|Any CPU
		{859DE5AD-6083-46B6-B527-D12D14164B02}.Debug|Any CPU.Build.0 = Debug|Any CPU
		{859DE5AD-6083-46B6-B527-D12D14164B02}.Release|Any CPU.ActiveCfg = Release|Any CPU
		{859DE5AD-6083-46B6-B527-D12D14164B02}.Release|Any CPU.Build.0 = Release|Any CPU
	EndGlobalSection
	GlobalSection(SolutionProperties) = preSolution
		HideSolutionNode = FALSE
	EndGlobalSection
	GlobalSection(ExtensibilityGlobals) = postSolution
		SolutionGuid = {999683E9-D542-4078-B212-BA489A354433}
	EndGlobalSection
EndGlobal
